
Microsoft Visual Studio Solution File, Format Version 12.00
# Visual Studio Version 17
VisualStudioVersion = 17.10.34916.146
MinimumVisualStudioVersion = 10.0.40219.1
Project("{FAE04EC0-301F-11D3-BF4B-00C04F79EFBC}") = "TourTravelwebapp", "TourTravelwebapp\TourTravelwebapp.csproj", "{71AD5B96-04DB-469C-904A-E93F20E01D21}"
EndProject
Global
	GlobalSection(SolutionConfigurationPlatforms) = preSolution
		Debug|Any CPU = Debug|Any CPU
		Release|Any CPU = Release|Any CPU
	EndGlobalSection
	GlobalSection(ProjectConfigurationPlatforms) = postSolution
		{71AD5B96-04DB-469C-904A-E93F20E01D21}.Debug|Any CPU.ActiveCfg = Debug|Any CPU
		{71AD5B96-04DB-469C-904A-E93F20E01D21}.Debug|Any CPU.Build.0 = Debug|Any CPU
		{71AD5B96-04DB-469C-904A-E93F20E01D21}.Release|Any CPU.ActiveCfg = Release|Any CPU
		{71AD5B96-04DB-469C-904A-E93F20E01D21}.Release|Any CPU.Build.0 = Release|Any CPU
	EndGlobalSection
	GlobalSection(SolutionProperties) = preSolution
		HideSolutionNode = FALSE
	EndGlobalSection
	GlobalSection(ExtensibilityGlobals) = postSolution
		SolutionGuid = {89984E50-0D77-4BAE-8919-EFBF87CF5F7F}
	EndGlobalSection
EndGlobal
